
Microsoft Visual Studio Solution File, Format Version 12.00
# Visual Studio Version 17
VisualStudioVersion = 17.7.34024.191
MinimumVisualStudioVersion = 10.0.40219.1
Project("{FAE04EC0-301F-11D3-BF4B-00C04F79EFBC}") = "OptikShop.Business", "OptikShop.Bussines\OptikShop.Business.csproj", "{D8498E69-3655-4A13-935D-6E4FC2F701A9}"
EndProject
Project("{FAE04EC0-301F-11D3-BF4B-00C04F79EFBC}") = "OptikShop.Data", "OptikShop.Data\OptikShop.Data.csproj", "{C909B69B-2231-41FD-BE16-6ECD7A92DC8B}"
EndProject
Project("{FAE04EC0-301F-11D3-BF4B-00C04F79EFBC}") = "OptikShop.WebUI", "OptikShop.WebUI\OptikShop.WebUI.csproj", "{CC738866-5102-4BBC-939C-4DC6BACC79D3}"
EndProject
Global
	GlobalSection(SolutionConfigurationPlatforms) = preSolution
		Debug|Any CPU = Debug|Any CPU
		Release|Any CPU = Release|Any CPU
	EndGlobalSection
	GlobalSection(ProjectConfigurationPlatforms) = postSolution
		{D8498E69-3655-4A13-935D-6E4FC2F701A9}.Debug|Any CPU.ActiveCfg = Debug|Any CPU
		{D8498E69-3655-4A13-935D-6E4FC2F701A9}.Debug|Any CPU.Build.0 = Debug|Any CPU
		{D8498E69-3655-4A13-935D-6E4FC2F701A9}.Release|Any CPU.ActiveCfg = Release|Any CPU
		{D8498E69-3655-4A13-935D-6E4FC2F701A9}.Release|Any CPU.Build.0 = Release|Any CPU
		{C909B69B-2231-41FD-BE16-6ECD7A92DC8B}.Debug|Any CPU.ActiveCfg = Debug|Any CPU
		{C909B69B-2231-41FD-BE16-6ECD7A92DC8B}.Debug|Any CPU.Build.0 = Debug|Any CPU
		{C909B69B-2231-41FD-BE16-6ECD7A92DC8B}.Release|Any CPU.ActiveCfg = Release|Any CPU
		{C909B69B-2231-41FD-BE16-6ECD7A92DC8B}.Release|Any CPU.Build.0 = Release|Any CPU
		{CC738866-5102-4BBC-939C-4DC6BACC79D3}.Debug|Any CPU.ActiveCfg = Debug|Any CPU
		{CC738866-5102-4BBC-939C-4DC6BACC79D3}.Debug|Any CPU.Build.0 = Debug|Any CPU
		{CC738866-5102-4BBC-939C-4DC6BACC79D3}.Release|Any CPU.ActiveCfg = Release|Any CPU
		{CC738866-5102-4BBC-939C-4DC6BACC79D3}.Release|Any CPU.Build.0 = Release|Any CPU
	EndGlobalSection
	GlobalSection(SolutionProperties) = preSolution
		HideSolutionNode = FALSE
	EndGlobalSection
	GlobalSection(ExtensibilityGlobals) = postSolution
		SolutionGuid = {B310D0AD-C437-4724-86C8-D2E12265F904}
	EndGlobalSection
EndGlobal
